
Microsoft Visual Studio Solution File, Format Version 12.00
# Visual Studio Version 17
VisualStudioVersion = 17.7.34018.315
MinimumVisualStudioVersion = 10.0.40219.1
Project("{FAE04EC0-301F-11D3-BF4B-00C04F79EFBC}") = "CallStoredProcUsingEntityFramework6x", "CallStoredProcUsingEntityFramework6x\CallStoredProcUsingEntityFramework6x.csproj", "{76D71626-5121-4F22-A2F8-DBC2AE449807}"
EndProject
Project("{2150E333-8FDC-42A3-9474-1A3956D46DE8}") = "Solution Items", "Solution Items", "{16AE0478-47DC-47B5-8A26-2BBD67BA2912}"
	ProjectSection(SolutionItems) = preProject
		CreateTableScript.txt = CreateTableScript.txt
		StoredProcedureScripts.txt = StoredProcedureScripts.txt
	EndProjectSection
EndProject
Global
	GlobalSection(SolutionConfigurationPlatforms) = preSolution
		Debug|Any CPU = Debug|Any CPU
		Release|Any CPU = Release|Any CPU
	EndGlobalSection
	GlobalSection(ProjectConfigurationPlatforms) = postSolution
		{76D71626-5121-4F22-A2F8-DBC2AE449807}.Debug|Any CPU.ActiveCfg = Debug|Any CPU
		{76D71626-5121-4F22-A2F8-DBC2AE449807}.Debug|Any CPU.Build.0 = Debug|Any CPU
		{76D71626-5121-4F22-A2F8-DBC2AE449807}.Release|Any CPU.ActiveCfg = Release|Any CPU
		{76D71626-5121-4F22-A2F8-DBC2AE449807}.Release|Any CPU.Build.0 = Release|Any CPU
	EndGlobalSection
	GlobalSection(SolutionProperties) = preSolution
		HideSolutionNode = FALSE
	EndGlobalSection
	GlobalSection(ExtensibilityGlobals) = postSolution
		SolutionGuid = {67D6B271-2CE9-449C-8433-42239682F3D9}
	EndGlobalSection
EndGlobal
